
Microsoft Visual Studio Solution File, Format Version 12.00
# Visual Studio Version 17
VisualStudioVersion = 17.13.35806.99
MinimumVisualStudioVersion = 10.0.40219.1
Project("{FAE04EC0-301F-11D3-BF4B-00C04F79EFBC}") = "TechLibrary.Api", "TechLibrary.Api\TechLibrary.Api.csproj", "{8827470F-5E7B-43F1-816D-16225829F49D}"
EndProject
Project("{FAE04EC0-301F-11D3-BF4B-00C04F79EFBC}") = "TechLibrary.Comunication", "TechLibrary.Comunication\TechLibrary.Comunication.csproj", "{EF640AD8-B670-49BB-8CAA-DECC933435C6}"
EndProject
Project("{FAE04EC0-301F-11D3-BF4B-00C04F79EFBC}") = "TechLibrary.Application", "TechLibrary.Application\TechLibrary.Application.csproj", "{27CA6E5B-8FDF-48AB-9217-83182CAEA390}"
EndProject
Project("{FAE04EC0-301F-11D3-BF4B-00C04F79EFBC}") = "TechLibrary.Exception", "TechLibrary.Exception\TechLibrary.Exception.csproj", "{3A0DD612-1C60-44A9-A489-F6F459D4B096}"
EndProject
Project("{FAE04EC0-301F-11D3-BF4B-00C04F79EFBC}") = "TechLibrary.Infrastructure", "TechLibrary.Infrastructure\TechLibrary.Infrastructure.csproj", "{A605668A-AB41-47BE-A661-9356A63225BB}"
EndProject
Project("{FAE04EC0-301F-11D3-BF4B-00C04F79EFBC}") = "TechLibrary.Domain", "TechLibrary.Domain\TechLibrary.Domain.csproj", "{07BA9456-8ECA-4BF9-BCBE-D0CB2AD6B93C}"
EndProject
Project("{FAE04EC0-301F-11D3-BF4B-00C04F79EFBC}") = "TechLibrary.Secutirty", "TechLibrary.Secutirty\TechLibrary.Secutirty.csproj", "{F14BCD6E-6549-4DFE-BD14-81A1819F53E9}"
EndProject
Global
	GlobalSection(SolutionConfigurationPlatforms) = preSolution
		Debug|Any CPU = Debug|Any CPU
		Release|Any CPU = Release|Any CPU
	EndGlobalSection
	GlobalSection(ProjectConfigurationPlatforms) = postSolution
		{8827470F-5E7B-43F1-816D-16225829F49D}.Debug|Any CPU.ActiveCfg = Debug|Any CPU
		{8827470F-5E7B-43F1-816D-16225829F49D}.Debug|Any CPU.Build.0 = Debug|Any CPU
		{8827470F-5E7B-43F1-816D-16225829F49D}.Release|Any CPU.ActiveCfg = Release|Any CPU
		{8827470F-5E7B-43F1-816D-16225829F49D}.Release|Any CPU.Build.0 = Release|Any CPU
		{EF640AD8-B670-49BB-8CAA-DECC933435C6}.Debug|Any CPU.ActiveCfg = Debug|Any CPU
		{EF640AD8-B670-49BB-8CAA-DECC933435C6}.Debug|Any CPU.Build.0 = Debug|Any CPU
		{EF640AD8-B670-49BB-8CAA-DECC933435C6}.Release|Any CPU.ActiveCfg = Release|Any CPU
		{EF640AD8-B670-49BB-8CAA-DECC933435C6}.Release|Any CPU.Build.0 = Release|Any CPU
		{27CA6E5B-8FDF-48AB-9217-83182CAEA390}.Debug|Any CPU.ActiveCfg = Debug|Any CPU
		{27CA6E5B-8FDF-48AB-9217-83182CAEA390}.Debug|Any CPU.Build.0 = Debug|Any CPU
		{27CA6E5B-8FDF-48AB-9217-83182CAEA390}.Release|Any CPU.ActiveCfg = Release|Any CPU
		{27CA6E5B-8FDF-48AB-9217-83182CAEA390}.Release|Any CPU.Build.0 = Release|Any CPU
		{3A0DD612-1C60-44A9-A489-F6F459D4B096}.Debug|Any CPU.ActiveCfg = Debug|Any CPU
		{3A0DD612-1C60-44A9-A489-F6F459D4B096}.Debug|Any CPU.Build.0 = Debug|Any CPU
		{3A0DD612-1C60-44A9-A489-F6F459D4B096}.Release|Any CPU.ActiveCfg = Release|Any CPU
		{3A0DD612-1C60-44A9-A489-F6F459D4B096}.Release|Any CPU.Build.0 = Release|Any CPU
		{A605668A-AB41-47BE-A661-9356A63225BB}.Debug|Any CPU.ActiveCfg = Debug|Any CPU
		{A605668A-AB41-47BE-A661-9356A63225BB}.Debug|Any CPU.Build.0 = Debug|Any CPU
		{A605668A-AB41-47BE-A661-9356A63225BB}.Release|Any CPU.ActiveCfg = Release|Any CPU
		{A605668A-AB41-47BE-A661-9356A63225BB}.Release|Any CPU.Build.0 = Release|Any CPU
		{07BA9456-8ECA-4BF9-BCBE-D0CB2AD6B93C}.Debug|Any CPU.ActiveCfg = Debug|Any CPU
		{07BA9456-8ECA-4BF9-BCBE-D0CB2AD6B93C}.Debug|Any CPU.Build.0 = Debug|Any CPU
		{07BA9456-8ECA-4BF9-BCBE-D0CB2AD6B93C}.Release|Any CPU.ActiveCfg = Release|Any CPU
		{07BA9456-8ECA-4BF9-BCBE-D0CB2AD6B93C}.Release|Any CPU.Build.0 = Release|Any CPU
		{F14BCD6E-6549-4DFE-BD14-81A1819F53E9}.Debug|Any CPU.ActiveCfg = Debug|Any CPU
		{F14BCD6E-6549-4DFE-BD14-81A1819F53E9}.Debug|Any CPU.Build.0 = Debug|Any CPU
		{F14BCD6E-6549-4DFE-BD14-81A1819F53E9}.Release|Any CPU.ActiveCfg = Release|Any CPU
		{F14BCD6E-6549-4DFE-BD14-81A1819F53E9}.Release|Any CPU.Build.0 = Release|Any CPU
	EndGlobalSection
	GlobalSection(SolutionProperties) = preSolution
		HideSolutionNode = FALSE
	EndGlobalSection
	GlobalSection(ExtensibilityGlobals) = postSolution
		SolutionGuid = {DA5EE478-2C52-43DB-82C2-70668706C8E7}
	EndGlobalSection
EndGlobal
